// !$*UTF8*$!
{
	archiveVersion = 1;
	classes = {
	};
	objectVersion = 46;
	objects = {

/* Begin PBXBuildFile section */
		CA68DC481BABFE610062689D /* AppDelegate.swift in Sources */ = {isa = PBXBuildFile; fileRef = CA68DC471BABFE610062689D /* AppDelegate.swift */; };
		CA68DC4C1BABFE610062689D /* GameScene.swift in Sources */ = {isa = PBXBuildFile; fileRef = CA68DC4B1BABFE610062689D /* GameScene.swift */; };
		CA68DC4E1BABFE610062689D /* GameViewController.swift in Sources */ = {isa = PBXBuildFile; fileRef = CA68DC4D1BABFE610062689D /* GameViewController.swift */; };
		CA68DC511BABFE610062689D /* Main.storyboard in Resources */ = {isa = PBXBuildFile; fileRef = CA68DC4F1BABFE610062689D /* Main.storyboard */; };
		CA68DC531BABFE610062689D /* Assets.xcassets in Resources */ = {isa = PBXBuildFile; fileRef = CA68DC521BABFE610062689D /* Assets.xcassets */; };
		CA68DC561BABFE610062689D /* LaunchScreen.storyboard in Resources */ = {isa = PBXBuildFile; fileRef = CA68DC541BABFE610062689D /* LaunchScreen.storyboard */; };
/* End PBXBuildFile section */

/* Begin PBXFileReference section */
		CA68DC441BABFE610062689D /* HelloWorld.app */ = {isa = PBXFileReference; explicitFileType = wrapper.application; includeInIndex = 0; path = HelloWorld.app; sourceTree = BUILT_PRODUCTS_DIR; };
		CA68DC471BABFE610062689D /* AppDelegate.swift */ = {isa = PBXFileReference; lastKnownFileType = sourcecode.swift; path = AppDelegate.swift; sourceTree = "<group>"; };
		CA68DC4B1BABFE610062689D /* GameScene.swift */ = {isa = PBXFileReference; lastKnownFileType = sourcecode.swift; path = GameScene.swift; sourceTree = "<group>"; };
		CA68DC4D1BABFE610062689D /* GameViewController.swift */ = {isa = PBXFileReference; lastKnownFileType = sourcecode.swift; path = GameViewController.swift; sourceTree = "<group>"; };
		CA68DC501BABFE610062689D /* Base */ = {isa = PBXFileReference; lastKnownFileType = file.storyboard; name = Base; path = Base.lproj/Main.storyboard; sourceTree = "<group>"; };
		CA68DC521BABFE610062689D /* Assets.xcassets */ = {isa = PBXFileReference; lastKnownFileType = folder.assetcatalog; path = Assets.xcassets; sourceTree = "<group>"; };
		CA68DC551BABFE610062689D /* Base */ = {isa = PBXFileReference; lastKnownFileType = file.storyboard; name = Base; path = Base.lproj/LaunchScreen.storyboard; sourceTree = "<group>"; };
		CA68DC571BABFE610062689D /* Info.plist */ = {isa = PBXFileReference; lastKnownFileType = text.plist.xml; path = Info.plist; sourceTree = "<group>"; };
/* End PBXFileReference section */

/* Begin PBXFrameworksBuildPhase section */
		CA68DC411BABFE610062689D /* Frameworks */ = {
			isa = PBXFrameworksBuildPhase;
			buildActionMask = 2147483647;
			files = (
			);
			runOnlyForDeploymentPostprocessing = 0;
		};
/* End PBXFrameworksBuildPhase section */

/* Begin PBXGroup section */
		CA68DC3B1BABFE610062689D = {
			isa = PBXGroup;
			children = (
				CA68DC461BABFE610062689D /* HelloWorld */,
				CA68DC451BABFE610062689D /* Products */,
			);
			sourceTree = "<group>";
		};
		CA68DC451BABFE610062689D /* Products */ = {
			isa = PBXGroup;
			children = (
				CA68DC441BABFE610062689D /* HelloWorld.app */,
			);
			name = Products;
			sourceTree = "<group>";
		};
		CA68DC461BABFE610062689D /* HelloWorld */ = {
			isa = PBXGroup;
			children = (
				CA68DC471BABFE610062689D /* AppDelegate.swift */,
				CA68DC4B1BABFE610062689D /* GameScene.swift */,
				CA68DC4D1BABFE610062689D /* GameViewController.swift */,
				CA68DC4F1BABFE610062689D /* Main.storyboard */,
				CA68DC521BABFE610062689D /* Assets.xcassets */,
				CA68DC541BABFE610062689D /* LaunchScreen.storyboard */,
				CA68DC571BABFE610062689D /* Info.plist */,
			);
			path = HelloWorld;
			sourceTree = "<group>";
		};
/* End PBXGroup section */

/* Begin PBXNativeTarget section */
		CA68DC431BABFE610062689D /* HelloWorld */ = {
			isa = PBXNativeTarget;
			buildConfigurationList = CA68DC5A1BABFE610062689D /* Build configuration list for PBXNativeTarget "HelloWorld" */;
			buildPhases = (
				CA68DC401BABFE610062689D /* Sources */,
				CA68DC411BABFE610062689D /* Frameworks */,
				CA68DC421BABFE610062689D /* Resources */,
			);
			buildRules = (
			);
			dependencies = (
			);
			name = HelloWorld;
			productName = HelloWorld;
			productReference = CA68DC441BABFE610062689D /* HelloWorld.app */;
			productType = "com.apple.product-type.application";
		};
/* End PBXNativeTarget section */

/* Begin PBXProject section */
		CA68DC3C1BABFE610062689D /* Project object */ = {
			isa = PBXProject;
			attributes = {
				LastUpgradeCheck = 0700;
				ORGANIZATIONNAME = tonyguan;
				TargetAttributes = {
					CA68DC431BABFE610062689D = {
						CreatedOnToolsVersion = 7.0;
					};
				};
			};
			buildConfigurationList = CA68DC3F1BABFE610062689D /* Build configuration list for PBXProject "HelloWorld" */;
			compatibilityVersion = "Xcode 3.2";
			developmentRegion = English;
			hasScannedForEncodings = 0;
			knownRegions = (
				en,
				Base,
			);
			mainGroup = CA68DC3B1BABFE610062689D;
			productRefGroup = CA68DC451BABFE610062689D /* Products */;
			projectDirPath = "";
			projectRoot = "";
			targets = (
				CA68DC431BABFE610062689D /* HelloWorld */,
			);
		};
/* End PBXProject section */

/* Begin PBXResourcesBuildPhase section */
		CA68DC421BABFE610062689D /* Resources */ = {
			isa = PBXResourcesBuildPhase;
			buildActionMask = 2147483647;
			files = (
				CA68DC561BABFE610062689D /* LaunchScreen.storyboard in Resources */,
				CA68DC531BABFE610062689D /* Assets.xcassets in Resources */,
				CA68DC511BABFE610062689D /* Main.storyboard in Resources */,
			);
			runOnlyForDeploymentPostprocessing = 0;
		};
/* End PBXResourcesBuildPhase section */

/* Begin PBXSourcesBuildPhase section */
		CA68DC401BABFE610062689D /* Sources */ = {
			isa = PBXSourcesBuildPhase;
			buildActionMask = 2147483647;
			files = (
				CA68DC4C1BABFE610062689D /* GameScene.swift in Sources */,
				CA68DC4E1BABFE610062689D /* GameViewController.swift in Sources */,
				CA68DC481BABFE610062689D /* AppDelegate.swift in Sources */,
			);
			runOnlyForDeploymentPostprocessing = 0;
		};
/* End PBXSourcesBuildPhase section */

/* Begin PBXVariantGroup section */
		CA68DC4F1BABFE610062689D /* Main.storyboard */ = {
			isa = PBXVariantGroup;
			children = (
				CA68DC501BABFE610062689D /* Base */,
			);
			name = Main.storyboard;
			sourceTree = "<group>";
		};
		CA68DC541BABFE610062689D /* LaunchScreen.storyboard */ = {
			isa = PBXVariantGroup;
			children = (
				CA68DC551BABFE610062689D /* Base */,
			);
			name = LaunchScreen.storyboard;
			sourceTree = "<group>";
		};
/* End PBXVariantGroup section */

/* Begin XCBuildConfiguration section */
		CA68DC581BABFE610062689D /* Debug */ = {
			isa = XCBuildConfiguration;
			buildSettings = {
				ALWAYS_SEARCH_USER_PATHS = NO;
				CLANG_CXX_LANGUAGE_STANDARD = "gnu++0x";
				CLANG_CXX_LIBRARY = "libc++";
				CLANG_ENABLE_MODULES = YES;
				CLANG_ENABLE_OBJC_ARC = YES;
				CLANG_WARN_BOOL_CONVERSION = YES;
				CLANG_WARN_CONSTANT_CONVERSION = YES;
				CLANG_WARN_DIRECT_OBJC_ISA_USAGE = YES_ERROR;
				CLANG_WARN_EMPTY_BODY = YES;
				CLANG_WARN_ENUM_CONVERSION = YES;
				CLANG_WARN_INT_CONVERSION = YES;
				CLANG_WARN_OBJC_ROOT_CLASS = YES_ERROR;
				CLANG_WARN_UNREACHABLE_CODE = YES;
				CLANG_WARN__DUPLICATE_METHOD_MATCH = YES;
				"CODE_SIGN_IDENTITY[sdk=iphoneos*]" = "iPhone Developer";
				COPY_PHASE_STRIP = NO;
				DEBUG_INFORMATION_FORMAT = "dwarf-with-dsym";
				ENABLE_STRICT_OBJC_MSGSEND = YES;
				ENABLE_TESTABILITY = YES;
				GCC_C_LANGUAGE_STANDARD = gnu99;
				GCC_DYNAMIC_NO_PIC = NO;
				GCC_NO_COMMON_BLOCKS = YES;
				GCC_OPTIMIZATION_LEVEL = 0;
				GCC_PREPROCESSOR_DEFINITIONS = (
					"DEBUG=1",
					"$(inherited)",
				);
				GCC_WARN_64_TO_32_BIT_CONVERSION = YES;
				GCC_WARN_ABOUT_RETURN_TYPE = YES_ERROR;
				GCC_WARN_UNDECLARED_SELECTOR = YES;
				GCC_WARN_UNINITIALIZED_AUTOS = YES_AGGRESSIVE;
				GCC_WARN_UNUSED_FUNCTION = YES;
				GCC_WARN_UNUSED_VARIABLE = YES;
				IPHONEOS_DEPLOYMENT_TARGET = 9.0;
				MTL_ENABLE_DEBUG_INFO = YES;
				ONLY_ACTIVE_ARCH = YES;
				SDKROOT = iphoneos;
				SWIFT_OPTIMIZATION_LEVEL = "-Onone";
			};
			name = Debug;
		};
		CA68DC591BABFE610062689D /* Release */ = {
			isa = XCBuildConfiguration;
			buildSettings = {
				ALWAYS_SEARCH_USER_PATHS = NO;
				CLANG_CXX_LANGUAGE_STANDARD = "gnu++0x";
				CLANG_CXX_LIBRARY = "libc++";
				CLANG_ENABLE_MODULES = YES;
				CLANG_ENABLE_OBJC_ARC = YES;
				CLANG_WARN_BOOL_CONVERSION = YES;
				CLANG_WARN_CONSTANT_CONVERSION = YES;
				CLANG_WARN_DIRECT_OBJC_ISA_USAGE = YES_ERROR;
				CLANG_WARN_EMPTY_BODY = YES;
				CLANG_WARN_ENUM_CONVERSION = YES;
				CLANG_WARN_INT_CONVERSION = YES;
				CLANG_WARN_OBJC_ROOT_CLASS = YES_ERROR;
				CLANG_WARN_UNREACHABLE_CODE = YES;
				CLANG_WARN__DUPLICATE_METHOD_MATCH = YES;
				"CODE_SIGN_IDENTITY[sdk=iphoneos*]" = "iPhone Developer";
				COPY_PHASE_STRIP = NO;
				DEBUG_INFORMATION_FORMAT = "dwarf-with-dsym";
				ENABLE_NS_ASSERTIONS = NO;
				ENABLE_STRICT_OBJC_MSGSEND = YES;
				GCC_C_LANGUAGE_STANDARD = gnu99;
				GCC_NO_COMMON_BLOCKS = YES;
				GCC_WARN_64_TO_32_BIT_CONVERSION = YES;
				GCC_WARN_ABOUT_RETURN_TYPE = YES_ERROR;
				GCC_WARN_UNDECLARED_SELECTOR = YES;
				GCC_WARN_UNINITIALIZED_AUTOS = YES_AGGRESSIVE;
				GCC_WARN_UNUSED_FUNCTION = YES;
				GCC_WARN_UNUSED_VARIABLE = YES;
				IPHONEOS_DEPLOYMENT_TARGET = 9.0;
				MTL_ENABLE_DEBUG_INFO = NO;
				SDKROOT = iphoneos;
				VALIDATE_PRODUCT = YES;
			};
			name = Release;
		};
		CA68DC5B1BABFE610062689D /* Debug */ = {
			isa = XCBuildConfiguration;
			buildSettings = {
				ASSETCATALOG_COMPILER_APPICON_NAME = AppIcon;
				INFOPLIST_FILE = HelloWorld/Info.plist;
				LD_RUNPATH_SEARCH_PATHS = "$(inherited) @executable_path/Frameworks";
				PRODUCT_BUNDLE_IDENTIFIER = com.51work6.HelloWorld;
				PRODUCT_NAME = "$(TARGET_NAME)";
			};
			name = Debug;
		};
		CA68DC5C1BABFE610062689D /* Release */ = {
			isa = XCBuildConfiguration;
			buildSettings = {
				ASSETCATALOG_COMPILER_APPICON_NAME = AppIcon;
				INFOPLIST_FILE = HelloWorld/Info.plist;
				LD_RUNPATH_SEARCH_PATHS = "$(inherited) @executable_path/Frameworks";
				PRODUCT_BUNDLE_IDENTIFIER = com.51work6.HelloWorld;
				PRODUCT_NAME = "$(TARGET_NAME)";
			};
			name = Release;
		};
/* End XCBuildConfiguration section */

/* Begin XCConfigurationList section */
		CA68DC3F1BABFE610062689D /* Build configuration list for PBXProject "HelloWorld" */ = {
			isa = XCConfigurationList;
			buildConfigurations = (
				CA68DC581BABFE610062689D /* Debug */,
				CA68DC591BABFE610062689D /* Release */,
			);
			defaultConfigurationIsVisible = 0;
			defaultConfigurationName = Release;
		};
		CA68DC5A1BABFE610062689D /* Build configuration list for PBXNativeTarget "HelloWorld" */ = {
			isa = XCConfigurationList;
			buildConfigurations = (
				CA68DC5B1BABFE610062689D /* Debug */,
				CA68DC5C1BABFE610062689D /* Release */,
			);
			defaultConfigurationIsVisible = 0;
			defaultConfigurationName = Release;
		};
/* End XCConfigurationList section */
	};
	rootObject = CA68DC3C1BABFE610062689D /* Project object */;
}
