// !$*UTF8*$!
{
	archiveVersion = 1;
	classes = {
	};
	objectVersion = 46;
	objects = {

/* Begin PBXBuildFile section */
		CAAA76841B87055400FC55C3 /* AppDelegate.swift in Sources */ = {isa = PBXBuildFile; fileRef = CAAA76831B87055400FC55C3 /* AppDelegate.swift */; };
		CAAA76861B87055400FC55C3 /* ViewController.swift in Sources */ = {isa = PBXBuildFile; fileRef = CAAA76851B87055400FC55C3 /* ViewController.swift */; };
		CAAA76891B87055400FC55C3 /* Main.storyboard in Resources */ = {isa = PBXBuildFile; fileRef = CAAA76871B87055400FC55C3 /* Main.storyboard */; };
		CAAA768B1B87055400FC55C3 /* Images.xcassets in Resources */ = {isa = PBXBuildFile; fileRef = CAAA768A1B87055400FC55C3 /* Images.xcassets */; };
		CAAA768E1B87055400FC55C3 /* LaunchScreen.xib in Resources */ = {isa = PBXBuildFile; fileRef = CAAA768C1B87055400FC55C3 /* LaunchScreen.xib */; };
		CAAA769A1B87055500FC55C3 /* SimpleTableTests.swift in Sources */ = {isa = PBXBuildFile; fileRef = CAAA76991B87055500FC55C3 /* SimpleTableTests.swift */; };
		CAAA76C51B87058800FC55C3 /* Algeria.png in Resources */ = {isa = PBXBuildFile; fileRef = CAAA76A41B87058800FC55C3 /* Algeria.png */; };
		CAAA76C61B87058800FC55C3 /* Argentina.png in Resources */ = {isa = PBXBuildFile; fileRef = CAAA76A51B87058800FC55C3 /* Argentina.png */; };
		CAAA76C71B87058800FC55C3 /* Australia.png in Resources */ = {isa = PBXBuildFile; fileRef = CAAA76A61B87058800FC55C3 /* Australia.png */; };
		CAAA76C81B87058800FC55C3 /* Brazil.png in Resources */ = {isa = PBXBuildFile; fileRef = CAAA76A71B87058800FC55C3 /* Brazil.png */; };
		CAAA76C91B87058800FC55C3 /* Cameroon.png in Resources */ = {isa = PBXBuildFile; fileRef = CAAA76A81B87058800FC55C3 /* Cameroon.png */; };
		CAAA76CA1B87058800FC55C3 /* Chile.png in Resources */ = {isa = PBXBuildFile; fileRef = CAAA76A91B87058800FC55C3 /* Chile.png */; };
		CAAA76CB1B87058800FC55C3 /* CoteDIvoire.png in Resources */ = {isa = PBXBuildFile; fileRef = CAAA76AA1B87058800FC55C3 /* CoteDIvoire.png */; };
		CAAA76CC1B87058800FC55C3 /* Denmark.png in Resources */ = {isa = PBXBuildFile; fileRef = CAAA76AB1B87058800FC55C3 /* Denmark.png */; };
		CAAA76CD1B87058800FC55C3 /* England.png in Resources */ = {isa = PBXBuildFile; fileRef = CAAA76AC1B87058800FC55C3 /* England.png */; };
		CAAA76CE1B87058800FC55C3 /* France.png in Resources */ = {isa = PBXBuildFile; fileRef = CAAA76AD1B87058800FC55C3 /* France.png */; };
		CAAA76CF1B87058800FC55C3 /* Germany.png in Resources */ = {isa = PBXBuildFile; fileRef = CAAA76AE1B87058800FC55C3 /* Germany.png */; };
		CAAA76D01B87058800FC55C3 /* Ghana.png in Resources */ = {isa = PBXBuildFile; fileRef = CAAA76AF1B87058800FC55C3 /* Ghana.png */; };
		CAAA76D11B87058800FC55C3 /* Greece.png in Resources */ = {isa = PBXBuildFile; fileRef = CAAA76B01B87058800FC55C3 /* Greece.png */; };
		CAAA76D21B87058800FC55C3 /* Holland.png in Resources */ = {isa = PBXBuildFile; fileRef = CAAA76B11B87058800FC55C3 /* Holland.png */; };
		CAAA76D31B87058800FC55C3 /* Honduras.png in Resources */ = {isa = PBXBuildFile; fileRef = CAAA76B21B87058800FC55C3 /* Honduras.png */; };
		CAAA76D41B87058800FC55C3 /* Italy.png in Resources */ = {isa = PBXBuildFile; fileRef = CAAA76B31B87058800FC55C3 /* Italy.png */; };
		CAAA76D51B87058800FC55C3 /* Japan.png in Resources */ = {isa = PBXBuildFile; fileRef = CAAA76B41B87058800FC55C3 /* Japan.png */; };
		CAAA76D61B87058800FC55C3 /* Mexico.png in Resources */ = {isa = PBXBuildFile; fileRef = CAAA76B51B87058800FC55C3 /* Mexico.png */; };
		CAAA76D71B87058800FC55C3 /* NewZealand.png in Resources */ = {isa = PBXBuildFile; fileRef = CAAA76B61B87058800FC55C3 /* NewZealand.png */; };
		CAAA76D81B87058800FC55C3 /* Nigeria.png in Resources */ = {isa = PBXBuildFile; fileRef = CAAA76B71B87058800FC55C3 /* Nigeria.png */; };
		CAAA76D91B87058800FC55C3 /* NorthKorea.png in Resources */ = {isa = PBXBuildFile; fileRef = CAAA76B81B87058800FC55C3 /* NorthKorea.png */; };
		CAAA76DA1B87058800FC55C3 /* Paraguay.png in Resources */ = {isa = PBXBuildFile; fileRef = CAAA76B91B87058800FC55C3 /* Paraguay.png */; };
		CAAA76DB1B87058800FC55C3 /* Portugal.png in Resources */ = {isa = PBXBuildFile; fileRef = CAAA76BA1B87058800FC55C3 /* Portugal.png */; };
		CAAA76DC1B87058800FC55C3 /* Serbia.png in Resources */ = {isa = PBXBuildFile; fileRef = CAAA76BB1B87058800FC55C3 /* Serbia.png */; };
		CAAA76DD1B87058800FC55C3 /* Slovakia.png in Resources */ = {isa = PBXBuildFile; fileRef = CAAA76BC1B87058800FC55C3 /* Slovakia.png */; };
		CAAA76DE1B87058800FC55C3 /* Slovenia.png in Resources */ = {isa = PBXBuildFile; fileRef = CAAA76BD1B87058800FC55C3 /* Slovenia.png */; };
		CAAA76DF1B87058800FC55C3 /* SouthAfrica.png in Resources */ = {isa = PBXBuildFile; fileRef = CAAA76BE1B87058800FC55C3 /* SouthAfrica.png */; };
		CAAA76E01B87058800FC55C3 /* SouthKorea.png in Resources */ = {isa = PBXBuildFile; fileRef = CAAA76BF1B87058800FC55C3 /* SouthKorea.png */; };
		CAAA76E11B87058800FC55C3 /* Spain.png in Resources */ = {isa = PBXBuildFile; fileRef = CAAA76C01B87058800FC55C3 /* Spain.png */; };
		CAAA76E21B87058800FC55C3 /* Switzerland.png in Resources */ = {isa = PBXBuildFile; fileRef = CAAA76C11B87058800FC55C3 /* Switzerland.png */; };
		CAAA76E31B87058800FC55C3 /* Uruguay.png in Resources */ = {isa = PBXBuildFile; fileRef = CAAA76C21B87058800FC55C3 /* Uruguay.png */; };
		CAAA76E41B87058800FC55C3 /* USA.png in Resources */ = {isa = PBXBuildFile; fileRef = CAAA76C31B87058800FC55C3 /* USA.png */; };
		CAAA76E51B87058800FC55C3 /* team.plist in Resources */ = {isa = PBXBuildFile; fileRef = CAAA76C41B87058800FC55C3 /* team.plist */; };
/* End PBXBuildFile section */

/* Begin PBXContainerItemProxy section */
		CAAA76941B87055500FC55C3 /* PBXContainerItemProxy */ = {
			isa = PBXContainerItemProxy;
			containerPortal = CAAA76761B87055400FC55C3 /* Project object */;
			proxyType = 1;
			remoteGlobalIDString = CAAA767D1B87055400FC55C3;
			remoteInfo = SimpleTable;
		};
/* End PBXContainerItemProxy section */

/* Begin PBXFileReference section */
		CAAA767E1B87055400FC55C3 /* SimpleTable.app */ = {isa = PBXFileReference; explicitFileType = wrapper.application; includeInIndex = 0; path = SimpleTable.app; sourceTree = BUILT_PRODUCTS_DIR; };
		CAAA76821B87055400FC55C3 /* Info.plist */ = {isa = PBXFileReference; lastKnownFileType = text.plist.xml; path = Info.plist; sourceTree = "<group>"; };
		CAAA76831B87055400FC55C3 /* AppDelegate.swift */ = {isa = PBXFileReference; lastKnownFileType = sourcecode.swift; path = AppDelegate.swift; sourceTree = "<group>"; };
		CAAA76851B87055400FC55C3 /* ViewController.swift */ = {isa = PBXFileReference; lastKnownFileType = sourcecode.swift; path = ViewController.swift; sourceTree = "<group>"; };
		CAAA76881B87055400FC55C3 /* Base */ = {isa = PBXFileReference; lastKnownFileType = file.storyboard; name = Base; path = Base.lproj/Main.storyboard; sourceTree = "<group>"; };
		CAAA768A1B87055400FC55C3 /* Images.xcassets */ = {isa = PBXFileReference; lastKnownFileType = folder.assetcatalog; path = Images.xcassets; sourceTree = "<group>"; };
		CAAA768D1B87055400FC55C3 /* Base */ = {isa = PBXFileReference; lastKnownFileType = file.xib; name = Base; path = Base.lproj/LaunchScreen.xib; sourceTree = "<group>"; };
		CAAA76931B87055500FC55C3 /* SimpleTableTests.xctest */ = {isa = PBXFileReference; explicitFileType = wrapper.cfbundle; includeInIndex = 0; path = SimpleTableTests.xctest; sourceTree = BUILT_PRODUCTS_DIR; };
		CAAA76981B87055500FC55C3 /* Info.plist */ = {isa = PBXFileReference; lastKnownFileType = text.plist.xml; path = Info.plist; sourceTree = "<group>"; };
		CAAA76991B87055500FC55C3 /* SimpleTableTests.swift */ = {isa = PBXFileReference; lastKnownFileType = sourcecode.swift; path = SimpleTableTests.swift; sourceTree = "<group>"; };
		CAAA76A41B87058800FC55C3 /* Algeria.png */ = {isa = PBXFileReference; lastKnownFileType = image.png; path = Algeria.png; sourceTree = "<group>"; };
		CAAA76A51B87058800FC55C3 /* Argentina.png */ = {isa = PBXFileReference; lastKnownFileType = image.png; path = Argentina.png; sourceTree = "<group>"; };
		CAAA76A61B87058800FC55C3 /* Australia.png */ = {isa = PBXFileReference; lastKnownFileType = image.png; path = Australia.png; sourceTree = "<group>"; };
		CAAA76A71B87058800FC55C3 /* Brazil.png */ = {isa = PBXFileReference; lastKnownFileType = image.png; path = Brazil.png; sourceTree = "<group>"; };
		CAAA76A81B87058800FC55C3 /* Cameroon.png */ = {isa = PBXFileReference; lastKnownFileType = image.png; path = Cameroon.png; sourceTree = "<group>"; };
		CAAA76A91B87058800FC55C3 /* Chile.png */ = {isa = PBXFileReference; lastKnownFileType = image.png; path = Chile.png; sourceTree = "<group>"; };
		CAAA76AA1B87058800FC55C3 /* CoteDIvoire.png */ = {isa = PBXFileReference; lastKnownFileType = image.png; path = CoteDIvoire.png; sourceTree = "<group>"; };
		CAAA76AB1B87058800FC55C3 /* Denmark.png */ = {isa = PBXFileReference; lastKnownFileType = image.png; path = Denmark.png; sourceTree = "<group>"; };
		CAAA76AC1B87058800FC55C3 /* England.png */ = {isa = PBXFileReference; lastKnownFileType = image.png; path = England.png; sourceTree = "<group>"; };
		CAAA76AD1B87058800FC55C3 /* France.png */ = {isa = PBXFileReference; lastKnownFileType = image.png; path = France.png; sourceTree = "<group>"; };
		CAAA76AE1B87058800FC55C3 /* Germany.png */ = {isa = PBXFileReference; lastKnownFileType = image.png; path = Germany.png; sourceTree = "<group>"; };
		CAAA76AF1B87058800FC55C3 /* Ghana.png */ = {isa = PBXFileReference; lastKnownFileType = image.png; path = Ghana.png; sourceTree = "<group>"; };
		CAAA76B01B87058800FC55C3 /* Greece.png */ = {isa = PBXFileReference; lastKnownFileType = image.png; path = Greece.png; sourceTree = "<group>"; };
		CAAA76B11B87058800FC55C3 /* Holland.png */ = {isa = PBXFileReference; lastKnownFileType = image.png; path = Holland.png; sourceTree = "<group>"; };
		CAAA76B21B87058800FC55C3 /* Honduras.png */ = {isa = PBXFileReference; lastKnownFileType = image.png; path = Honduras.png; sourceTree = "<group>"; };
		CAAA76B31B87058800FC55C3 /* Italy.png */ = {isa = PBXFileReference; lastKnownFileType = image.png; path = Italy.png; sourceTree = "<group>"; };
		CAAA76B41B87058800FC55C3 /* Japan.png */ = {isa = PBXFileReference; lastKnownFileType = image.png; path = Japan.png; sourceTree = "<group>"; };
		CAAA76B51B87058800FC55C3 /* Mexico.png */ = {isa = PBXFileReference; lastKnownFileType = image.png; path = Mexico.png; sourceTree = "<group>"; };
		CAAA76B61B87058800FC55C3 /* NewZealand.png */ = {isa = PBXFileReference; lastKnownFileType = image.png; path = NewZealand.png; sourceTree = "<group>"; };
		CAAA76B71B87058800FC55C3 /* Nigeria.png */ = {isa = PBXFileReference; lastKnownFileType = image.png; path = Nigeria.png; sourceTree = "<group>"; };
		CAAA76B81B87058800FC55C3 /* NorthKorea.png */ = {isa = PBXFileReference; lastKnownFileType = image.png; path = NorthKorea.png; sourceTree = "<group>"; };
		CAAA76B91B87058800FC55C3 /* Paraguay.png */ = {isa = PBXFileReference; lastKnownFileType = image.png; path = Paraguay.png; sourceTree = "<group>"; };
		CAAA76BA1B87058800FC55C3 /* Portugal.png */ = {isa = PBXFileReference; lastKnownFileType = image.png; path = Portugal.png; sourceTree = "<group>"; };
		CAAA76BB1B87058800FC55C3 /* Serbia.png */ = {isa = PBXFileReference; lastKnownFileType = image.png; path = Serbia.png; sourceTree = "<group>"; };
		CAAA76BC1B87058800FC55C3 /* Slovakia.png */ = {isa = PBXFileReference; lastKnownFileType = image.png; path = Slovakia.png; sourceTree = "<group>"; };
		CAAA76BD1B87058800FC55C3 /* Slovenia.png */ = {isa = PBXFileReference; lastKnownFileType = image.png; path = Slovenia.png; sourceTree = "<group>"; };
		CAAA76BE1B87058800FC55C3 /* SouthAfrica.png */ = {isa = PBXFileReference; lastKnownFileType = image.png; path = SouthAfrica.png; sourceTree = "<group>"; };
		CAAA76BF1B87058800FC55C3 /* SouthKorea.png */ = {isa = PBXFileReference; lastKnownFileType = image.png; path = SouthKorea.png; sourceTree = "<group>"; };
		CAAA76C01B87058800FC55C3 /* Spain.png */ = {isa = PBXFileReference; lastKnownFileType = image.png; path = Spain.png; sourceTree = "<group>"; };
		CAAA76C11B87058800FC55C3 /* Switzerland.png */ = {isa = PBXFileReference; lastKnownFileType = image.png; path = Switzerland.png; sourceTree = "<group>"; };
		CAAA76C21B87058800FC55C3 /* Uruguay.png */ = {isa = PBXFileReference; lastKnownFileType = image.png; path = Uruguay.png; sourceTree = "<group>"; };
		CAAA76C31B87058800FC55C3 /* USA.png */ = {isa = PBXFileReference; lastKnownFileType = image.png; path = USA.png; sourceTree = "<group>"; };
		CAAA76C41B87058800FC55C3 /* team.plist */ = {isa = PBXFileReference; fileEncoding = 4; lastKnownFileType = text.plist.xml; path = team.plist; sourceTree = "<group>"; };
/* End PBXFileReference section */

/* Begin PBXFrameworksBuildPhase section */
		CAAA767B1B87055400FC55C3 /* Frameworks */ = {
			isa = PBXFrameworksBuildPhase;
			buildActionMask = 2147483647;
			files = (
			);
			runOnlyForDeploymentPostprocessing = 0;
		};
		CAAA76901B87055500FC55C3 /* Frameworks */ = {
			isa = PBXFrameworksBuildPhase;
			buildActionMask = 2147483647;
			files = (
			);
			runOnlyForDeploymentPostprocessing = 0;
		};
/* End PBXFrameworksBuildPhase section */

/* Begin PBXGroup section */
		CAAA76751B87055400FC55C3 = {
			isa = PBXGroup;
			children = (
				CAAA76801B87055400FC55C3 /* SimpleTable */,
				CAAA76961B87055500FC55C3 /* SimpleTableTests */,
				CAAA767F1B87055400FC55C3 /* Products */,
			);
			sourceTree = "<group>";
		};
		CAAA767F1B87055400FC55C3 /* Products */ = {
			isa = PBXGroup;
			children = (
				CAAA767E1B87055400FC55C3 /* SimpleTable.app */,
				CAAA76931B87055500FC55C3 /* SimpleTableTests.xctest */,
			);
			name = Products;
			sourceTree = "<group>";
		};
		CAAA76801B87055400FC55C3 /* SimpleTable */ = {
			isa = PBXGroup;
			children = (
				CAAA76A31B87058800FC55C3 /* 球队图片 */,
				CAAA76C41B87058800FC55C3 /* team.plist */,
				CAAA76831B87055400FC55C3 /* AppDelegate.swift */,
				CAAA76851B87055400FC55C3 /* ViewController.swift */,
				CAAA76871B87055400FC55C3 /* Main.storyboard */,
				CAAA768A1B87055400FC55C3 /* Images.xcassets */,
				CAAA768C1B87055400FC55C3 /* LaunchScreen.xib */,
				CAAA76811B87055400FC55C3 /* Supporting Files */,
			);
			path = SimpleTable;
			sourceTree = "<group>";
		};
		CAAA76811B87055400FC55C3 /* Supporting Files */ = {
			isa = PBXGroup;
			children = (
				CAAA76821B87055400FC55C3 /* Info.plist */,
			);
			name = "Supporting Files";
			sourceTree = "<group>";
		};
		CAAA76961B87055500FC55C3 /* SimpleTableTests */ = {
			isa = PBXGroup;
			children = (
				CAAA76991B87055500FC55C3 /* SimpleTableTests.swift */,
				CAAA76971B87055500FC55C3 /* Supporting Files */,
			);
			path = SimpleTableTests;
			sourceTree = "<group>";
		};
		CAAA76971B87055500FC55C3 /* Supporting Files */ = {
			isa = PBXGroup;
			children = (
				CAAA76981B87055500FC55C3 /* Info.plist */,
			);
			name = "Supporting Files";
			sourceTree = "<group>";
		};
		CAAA76A31B87058800FC55C3 /* 球队图片 */ = {
			isa = PBXGroup;
			children = (
				CAAA76A41B87058800FC55C3 /* Algeria.png */,
				CAAA76A51B87058800FC55C3 /* Argentina.png */,
				CAAA76A61B87058800FC55C3 /* Australia.png */,
				CAAA76A71B87058800FC55C3 /* Brazil.png */,
				CAAA76A81B87058800FC55C3 /* Cameroon.png */,
				CAAA76A91B87058800FC55C3 /* Chile.png */,
				CAAA76AA1B87058800FC55C3 /* CoteDIvoire.png */,
				CAAA76AB1B87058800FC55C3 /* Denmark.png */,
				CAAA76AC1B87058800FC55C3 /* England.png */,
				CAAA76AD1B87058800FC55C3 /* France.png */,
				CAAA76AE1B87058800FC55C3 /* Germany.png */,
				CAAA76AF1B87058800FC55C3 /* Ghana.png */,
				CAAA76B01B87058800FC55C3 /* Greece.png */,
				CAAA76B11B87058800FC55C3 /* Holland.png */,
				CAAA76B21B87058800FC55C3 /* Honduras.png */,
				CAAA76B31B87058800FC55C3 /* Italy.png */,
				CAAA76B41B87058800FC55C3 /* Japan.png */,
				CAAA76B51B87058800FC55C3 /* Mexico.png */,
				CAAA76B61B87058800FC55C3 /* NewZealand.png */,
				CAAA76B71B87058800FC55C3 /* Nigeria.png */,
				CAAA76B81B87058800FC55C3 /* NorthKorea.png */,
				CAAA76B91B87058800FC55C3 /* Paraguay.png */,
				CAAA76BA1B87058800FC55C3 /* Portugal.png */,
				CAAA76BB1B87058800FC55C3 /* Serbia.png */,
				CAAA76BC1B87058800FC55C3 /* Slovakia.png */,
				CAAA76BD1B87058800FC55C3 /* Slovenia.png */,
				CAAA76BE1B87058800FC55C3 /* SouthAfrica.png */,
				CAAA76BF1B87058800FC55C3 /* SouthKorea.png */,
				CAAA76C01B87058800FC55C3 /* Spain.png */,
				CAAA76C11B87058800FC55C3 /* Switzerland.png */,
				CAAA76C21B87058800FC55C3 /* Uruguay.png */,
				CAAA76C31B87058800FC55C3 /* USA.png */,
			);
			path = "球队图片";
			sourceTree = "<group>";
		};
/* End PBXGroup section */

/* Begin PBXNativeTarget section */
		CAAA767D1B87055400FC55C3 /* SimpleTable */ = {
			isa = PBXNativeTarget;
			buildConfigurationList = CAAA769D1B87055500FC55C3 /* Build configuration list for PBXNativeTarget "SimpleTable" */;
			buildPhases = (
				CAAA767A1B87055400FC55C3 /* Sources */,
				CAAA767B1B87055400FC55C3 /* Frameworks */,
				CAAA767C1B87055400FC55C3 /* Resources */,
			);
			buildRules = (
			);
			dependencies = (
			);
			name = SimpleTable;
			productName = SimpleTable;
			productReference = CAAA767E1B87055400FC55C3 /* SimpleTable.app */;
			productType = "com.apple.product-type.application";
		};
		CAAA76921B87055500FC55C3 /* SimpleTableTests */ = {
			isa = PBXNativeTarget;
			buildConfigurationList = CAAA76A01B87055500FC55C3 /* Build configuration list for PBXNativeTarget "SimpleTableTests" */;
			buildPhases = (
				CAAA768F1B87055500FC55C3 /* Sources */,
				CAAA76901B87055500FC55C3 /* Frameworks */,
				CAAA76911B87055500FC55C3 /* Resources */,
			);
			buildRules = (
			);
			dependencies = (
				CAAA76951B87055500FC55C3 /* PBXTargetDependency */,
			);
			name = SimpleTableTests;
			productName = SimpleTableTests;
			productReference = CAAA76931B87055500FC55C3 /* SimpleTableTests.xctest */;
			productType = "com.apple.product-type.bundle.unit-test";
		};
/* End PBXNativeTarget section */

/* Begin PBXProject section */
		CAAA76761B87055400FC55C3 /* Project object */ = {
			isa = PBXProject;
			attributes = {
				LastSwiftMigration = 0700;
				LastSwiftUpdateCheck = 0700;
				LastUpgradeCheck = 0630;
				ORGANIZATIONNAME = tonyguan;
				TargetAttributes = {
					CAAA767D1B87055400FC55C3 = {
						CreatedOnToolsVersion = 6.3.2;
					};
					CAAA76921B87055500FC55C3 = {
						CreatedOnToolsVersion = 6.3.2;
						TestTargetID = CAAA767D1B87055400FC55C3;
					};
				};
			};
			buildConfigurationList = CAAA76791B87055400FC55C3 /* Build configuration list for PBXProject "SimpleTable" */;
			compatibilityVersion = "Xcode 3.2";
			developmentRegion = English;
			hasScannedForEncodings = 0;
			knownRegions = (
				en,
				Base,
			);
			mainGroup = CAAA76751B87055400FC55C3;
			productRefGroup = CAAA767F1B87055400FC55C3 /* Products */;
			projectDirPath = "";
			projectRoot = "";
			targets = (
				CAAA767D1B87055400FC55C3 /* SimpleTable */,
				CAAA76921B87055500FC55C3 /* SimpleTableTests */,
			);
		};
/* End PBXProject section */

/* Begin PBXResourcesBuildPhase section */
		CAAA767C1B87055400FC55C3 /* Resources */ = {
			isa = PBXResourcesBuildPhase;
			buildActionMask = 2147483647;
			files = (
				CAAA76E41B87058800FC55C3 /* USA.png in Resources */,
				CAAA76891B87055400FC55C3 /* Main.storyboard in Resources */,
				CAAA76C61B87058800FC55C3 /* Argentina.png in Resources */,
				CAAA76E31B87058800FC55C3 /* Uruguay.png in Resources */,
				CAAA76D41B87058800FC55C3 /* Italy.png in Resources */,
				CAAA76DB1B87058800FC55C3 /* Portugal.png in Resources */,
				CAAA76D21B87058800FC55C3 /* Holland.png in Resources */,
				CAAA76C71B87058800FC55C3 /* Australia.png in Resources */,
				CAAA76CF1B87058800FC55C3 /* Germany.png in Resources */,
				CAAA76D91B87058800FC55C3 /* NorthKorea.png in Resources */,
				CAAA76CD1B87058800FC55C3 /* England.png in Resources */,
				CAAA76CC1B87058800FC55C3 /* Denmark.png in Resources */,
				CAAA76E21B87058800FC55C3 /* Switzerland.png in Resources */,
				CAAA76DC1B87058800FC55C3 /* Serbia.png in Resources */,
				CAAA76D31B87058800FC55C3 /* Honduras.png in Resources */,
				CAAA76D81B87058800FC55C3 /* Nigeria.png in Resources */,
				CAAA76DD1B87058800FC55C3 /* Slovakia.png in Resources */,
				CAAA76E01B87058800FC55C3 /* SouthKorea.png in Resources */,
				CAAA76D61B87058800FC55C3 /* Mexico.png in Resources */,
				CAAA76E51B87058800FC55C3 /* team.plist in Resources */,
				CAAA76C91B87058800FC55C3 /* Cameroon.png in Resources */,
				CAAA76D51B87058800FC55C3 /* Japan.png in Resources */,
				CAAA768E1B87055400FC55C3 /* LaunchScreen.xib in Resources */,
				CAAA76D11B87058800FC55C3 /* Greece.png in Resources */,
				CAAA76D71B87058800FC55C3 /* NewZealand.png in Resources */,
				CAAA76CE1B87058800FC55C3 /* France.png in Resources */,
				CAAA768B1B87055400FC55C3 /* Images.xcassets in Resources */,
				CAAA76E11B87058800FC55C3 /* Spain.png in Resources */,
				CAAA76C81B87058800FC55C3 /* Brazil.png in Resources */,
				CAAA76D01B87058800FC55C3 /* Ghana.png in Resources */,
				CAAA76CB1B87058800FC55C3 /* CoteDIvoire.png in Resources */,
				CAAA76CA1B87058800FC55C3 /* Chile.png in Resources */,
				CAAA76C51B87058800FC55C3 /* Algeria.png in Resources */,
				CAAA76DF1B87058800FC55C3 /* SouthAfrica.png in Resources */,
				CAAA76DE1B87058800FC55C3 /* Slovenia.png in Resources */,
				CAAA76DA1B87058800FC55C3 /* Paraguay.png in Resources */,
			);
			runOnlyForDeploymentPostprocessing = 0;
		};
		CAAA76911B87055500FC55C3 /* Resources */ = {
			isa = PBXResourcesBuildPhase;
			buildActionMask = 2147483647;
			files = (
			);
			runOnlyForDeploymentPostprocessing = 0;
		};
/* End PBXResourcesBuildPhase section */

/* Begin PBXSourcesBuildPhase section */
		CAAA767A1B87055400FC55C3 /* Sources */ = {
			isa = PBXSourcesBuildPhase;
			buildActionMask = 2147483647;
			files = (
				CAAA76861B87055400FC55C3 /* ViewController.swift in Sources */,
				CAAA76841B87055400FC55C3 /* AppDelegate.swift in Sources */,
			);
			runOnlyForDeploymentPostprocessing = 0;
		};
		CAAA768F1B87055500FC55C3 /* Sources */ = {
			isa = PBXSourcesBuildPhase;
			buildActionMask = 2147483647;
			files = (
				CAAA769A1B87055500FC55C3 /* SimpleTableTests.swift in Sources */,
			);
			runOnlyForDeploymentPostprocessing = 0;
		};
/* End PBXSourcesBuildPhase section */

/* Begin PBXTargetDependency section */
		CAAA76951B87055500FC55C3 /* PBXTargetDependency */ = {
			isa = PBXTargetDependency;
			target = CAAA767D1B87055400FC55C3 /* SimpleTable */;
			targetProxy = CAAA76941B87055500FC55C3 /* PBXContainerItemProxy */;
		};
/* End PBXTargetDependency section */

/* Begin PBXVariantGroup section */
		CAAA76871B87055400FC55C3 /* Main.storyboard */ = {
			isa = PBXVariantGroup;
			children = (
				CAAA76881B87055400FC55C3 /* Base */,
			);
			name = Main.storyboard;
			sourceTree = "<group>";
		};
		CAAA768C1B87055400FC55C3 /* LaunchScreen.xib */ = {
			isa = PBXVariantGroup;
			children = (
				CAAA768D1B87055400FC55C3 /* Base */,
			);
			name = LaunchScreen.xib;
			sourceTree = "<group>";
		};
/* End PBXVariantGroup section */

/* Begin XCBuildConfiguration section */
		CAAA769B1B87055500FC55C3 /* Debug */ = {
			isa = XCBuildConfiguration;
			buildSettings = {
				ALWAYS_SEARCH_USER_PATHS = NO;
				CLANG_CXX_LANGUAGE_STANDARD = "gnu++0x";
				CLANG_CXX_LIBRARY = "libc++";
				CLANG_ENABLE_MODULES = YES;
				CLANG_ENABLE_OBJC_ARC = YES;
				CLANG_WARN_BOOL_CONVERSION = YES;
				CLANG_WARN_CONSTANT_CONVERSION = YES;
				CLANG_WARN_DIRECT_OBJC_ISA_USAGE = YES_ERROR;
				CLANG_WARN_EMPTY_BODY = YES;
				CLANG_WARN_ENUM_CONVERSION = YES;
				CLANG_WARN_INT_CONVERSION = YES;
				CLANG_WARN_OBJC_ROOT_CLASS = YES_ERROR;
				CLANG_WARN_UNREACHABLE_CODE = YES;
				CLANG_WARN__DUPLICATE_METHOD_MATCH = YES;
				"CODE_SIGN_IDENTITY[sdk=iphoneos*]" = "iPhone Developer";
				COPY_PHASE_STRIP = NO;
				DEBUG_INFORMATION_FORMAT = "dwarf-with-dsym";
				ENABLE_STRICT_OBJC_MSGSEND = YES;
				GCC_C_LANGUAGE_STANDARD = gnu99;
				GCC_DYNAMIC_NO_PIC = NO;
				GCC_NO_COMMON_BLOCKS = YES;
				GCC_OPTIMIZATION_LEVEL = 0;
				GCC_PREPROCESSOR_DEFINITIONS = (
					"DEBUG=1",
					"$(inherited)",
				);
				GCC_SYMBOLS_PRIVATE_EXTERN = NO;
				GCC_WARN_64_TO_32_BIT_CONVERSION = YES;
				GCC_WARN_ABOUT_RETURN_TYPE = YES_ERROR;
				GCC_WARN_UNDECLARED_SELECTOR = YES;
				GCC_WARN_UNINITIALIZED_AUTOS = YES_AGGRESSIVE;
				GCC_WARN_UNUSED_FUNCTION = YES;
				GCC_WARN_UNUSED_VARIABLE = YES;
				IPHONEOS_DEPLOYMENT_TARGET = 8.3;
				MTL_ENABLE_DEBUG_INFO = YES;
				ONLY_ACTIVE_ARCH = YES;
				SDKROOT = iphoneos;
				SWIFT_OPTIMIZATION_LEVEL = "-Onone";
			};
			name = Debug;
		};
		CAAA769C1B87055500FC55C3 /* Release */ = {
			isa = XCBuildConfiguration;
			buildSettings = {
				ALWAYS_SEARCH_USER_PATHS = NO;
				CLANG_CXX_LANGUAGE_STANDARD = "gnu++0x";
				CLANG_CXX_LIBRARY = "libc++";
				CLANG_ENABLE_MODULES = YES;
				CLANG_ENABLE_OBJC_ARC = YES;
				CLANG_WARN_BOOL_CONVERSION = YES;
				CLANG_WARN_CONSTANT_CONVERSION = YES;
				CLANG_WARN_DIRECT_OBJC_ISA_USAGE = YES_ERROR;
				CLANG_WARN_EMPTY_BODY = YES;
				CLANG_WARN_ENUM_CONVERSION = YES;
				CLANG_WARN_INT_CONVERSION = YES;
				CLANG_WARN_OBJC_ROOT_CLASS = YES_ERROR;
				CLANG_WARN_UNREACHABLE_CODE = YES;
				CLANG_WARN__DUPLICATE_METHOD_MATCH = YES;
				"CODE_SIGN_IDENTITY[sdk=iphoneos*]" = "iPhone Developer";
				COPY_PHASE_STRIP = NO;
				DEBUG_INFORMATION_FORMAT = "dwarf-with-dsym";
				ENABLE_NS_ASSERTIONS = NO;
				ENABLE_STRICT_OBJC_MSGSEND = YES;
				GCC_C_LANGUAGE_STANDARD = gnu99;
				GCC_NO_COMMON_BLOCKS = YES;
				GCC_WARN_64_TO_32_BIT_CONVERSION = YES;
				GCC_WARN_ABOUT_RETURN_TYPE = YES_ERROR;
				GCC_WARN_UNDECLARED_SELECTOR = YES;
				GCC_WARN_UNINITIALIZED_AUTOS = YES_AGGRESSIVE;
				GCC_WARN_UNUSED_FUNCTION = YES;
				GCC_WARN_UNUSED_VARIABLE = YES;
				IPHONEOS_DEPLOYMENT_TARGET = 8.3;
				MTL_ENABLE_DEBUG_INFO = NO;
				SDKROOT = iphoneos;
				VALIDATE_PRODUCT = YES;
			};
			name = Release;
		};
		CAAA769E1B87055500FC55C3 /* Debug */ = {
			isa = XCBuildConfiguration;
			buildSettings = {
				ASSETCATALOG_COMPILER_APPICON_NAME = AppIcon;
				INFOPLIST_FILE = SimpleTable/Info.plist;
				LD_RUNPATH_SEARCH_PATHS = "$(inherited) @executable_path/Frameworks";
				PRODUCT_NAME = "$(TARGET_NAME)";
			};
			name = Debug;
		};
		CAAA769F1B87055500FC55C3 /* Release */ = {
			isa = XCBuildConfiguration;
			buildSettings = {
				ASSETCATALOG_COMPILER_APPICON_NAME = AppIcon;
				INFOPLIST_FILE = SimpleTable/Info.plist;
				LD_RUNPATH_SEARCH_PATHS = "$(inherited) @executable_path/Frameworks";
				PRODUCT_NAME = "$(TARGET_NAME)";
			};
			name = Release;
		};
		CAAA76A11B87055500FC55C3 /* Debug */ = {
			isa = XCBuildConfiguration;
			buildSettings = {
				BUNDLE_LOADER = "$(TEST_HOST)";
				FRAMEWORK_SEARCH_PATHS = (
					"$(SDKROOT)/Developer/Library/Frameworks",
					"$(inherited)",
				);
				GCC_PREPROCESSOR_DEFINITIONS = (
					"DEBUG=1",
					"$(inherited)",
				);
				INFOPLIST_FILE = SimpleTableTests/Info.plist;
				LD_RUNPATH_SEARCH_PATHS = "$(inherited) @executable_path/Frameworks @loader_path/Frameworks";
				PRODUCT_NAME = "$(TARGET_NAME)";
				TEST_HOST = "$(BUILT_PRODUCTS_DIR)/SimpleTable.app/SimpleTable";
			};
			name = Debug;
		};
		CAAA76A21B87055500FC55C3 /* Release */ = {
			isa = XCBuildConfiguration;
			buildSettings = {
				BUNDLE_LOADER = "$(TEST_HOST)";
				FRAMEWORK_SEARCH_PATHS = (
					"$(SDKROOT)/Developer/Library/Frameworks",
					"$(inherited)",
				);
				INFOPLIST_FILE = SimpleTableTests/Info.plist;
				LD_RUNPATH_SEARCH_PATHS = "$(inherited) @executable_path/Frameworks @loader_path/Frameworks";
				PRODUCT_NAME = "$(TARGET_NAME)";
				TEST_HOST = "$(BUILT_PRODUCTS_DIR)/SimpleTable.app/SimpleTable";
			};
			name = Release;
		};
/* End XCBuildConfiguration section */

/* Begin XCConfigurationList section */
		CAAA76791B87055400FC55C3 /* Build configuration list for PBXProject "SimpleTable" */ = {
			isa = XCConfigurationList;
			buildConfigurations = (
				CAAA769B1B87055500FC55C3 /* Debug */,
				CAAA769C1B87055500FC55C3 /* Release */,
			);
			defaultConfigurationIsVisible = 0;
			defaultConfigurationName = Release;
		};
		CAAA769D1B87055500FC55C3 /* Build configuration list for PBXNativeTarget "SimpleTable" */ = {
			isa = XCConfigurationList;
			buildConfigurations = (
				CAAA769E1B87055500FC55C3 /* Debug */,
				CAAA769F1B87055500FC55C3 /* Release */,
			);
			defaultConfigurationIsVisible = 0;
			defaultConfigurationName = Release;
		};
		CAAA76A01B87055500FC55C3 /* Build configuration list for PBXNativeTarget "SimpleTableTests" */ = {
			isa = XCConfigurationList;
			buildConfigurations = (
				CAAA76A11B87055500FC55C3 /* Debug */,
				CAAA76A21B87055500FC55C3 /* Release */,
			);
			defaultConfigurationIsVisible = 0;
			defaultConfigurationName = Release;
		};
/* End XCConfigurationList section */
	};
	rootObject = CAAA76761B87055400FC55C3 /* Project object */;
}
